{
  "requires": true,
  "lockfileVersion": 1,
  "dependencies": {
    "fraction-calculator": {
      "version": "1.0.14",
      "resolved": "https://registry.npmjs.org/fraction-calculator/-/fraction-calculator-1.0.14.tgz",
      "integrity": "sha512-uSWWCtcua2hXp890ejD8E/XbtkzNR6BJIwEnNmxo6yMXqYXfWB2zj1x1NlBL20ZIEOzyMremEHwwML2exAeJ1Q=="
    }
  }
}
